// !$*UTF8*$!
{
	archiveVersion = 1;
	classes = {
	};
	objectVersion = 77;
	objects = {

/* Begin PBXBuildFile section */
		039B0A938F27501538BAF36E /* WatchContentView.swift in Sources */ = {isa = PBXBuildFile; fileRef = 78EA7263554F8D96A0C884A3 /* WatchContentView.swift */; };
		12B6E9B8E23F9FBA86889A49 /* PhoneConnectivityReceiver.swift in Sources */ = {isa = PBXBuildFile; fileRef = 0503FA849C2DEBC76671C226 /* PhoneConnectivityReceiver.swift */; };
		14C68CF36461A8551193EC5B /* SoundscapeDetailView.swift in Sources */ = {isa = PBXBuildFile; fileRef = 192DA5AD7B2AB373FCF3C2C6 /* SoundscapeDetailView.swift */; };
		150F335FFB936B1195FE5778 /* ContentView.swift in Sources */ = {isa = PBXBuildFile; fileRef = 229A9934FF76CF2275894374 /* ContentView.swift */; };
		24BC8C5042D19FEBD67FFE23 /* SlipieTypography.swift in Sources */ = {isa = PBXBuildFile; fileRef = 66D91AC7940DC5A3FD2047B9 /* SlipieTypography.swift */; };
		25807F894AF9A606678B562E /* OnboardingView.swift in Sources */ = {isa = PBXBuildFile; fileRef = 1953D168FF0C181D7ADA2F07 /* OnboardingView.swift */; };
		2631E2C8BBE069C23AE307BB /* WindDownView.swift in Sources */ = {isa = PBXBuildFile; fileRef = A906D4E9B8543DDA42EE6CB0 /* WindDownView.swift */; };
		299CABA372C84668CF0A3374 /* SlipieCoreKit in Frameworks */ = {isa = PBXBuildFile; productRef = 6C6010DEDC4547040532BDC3 /* SlipieCoreKit */; };
		2C9B5D21F9655CCFABE421F4 /* BiometricIndicator.swift in Sources */ = {isa = PBXBuildFile; fileRef = 5C2B5C3E3314DEEDE50C6E4F /* BiometricIndicator.swift */; };
		35BAA5413DD66B65DE52B42C /* SlipieTests.swift in Sources */ = {isa = PBXBuildFile; fileRef = D9E696F15077593D5A502848 /* SlipieTests.swift */; };
		3AAAAA2487F68DA1D2F9D662 /* WatchSessionManager.swift in Sources */ = {isa = PBXBuildFile; fileRef = C53E6F9DF5F2B0B5E308E79B /* WatchSessionManager.swift */; };
		3B07B899236C4CCBE27DF5CB /* Secrets.swift in Sources */ = {isa = PBXBuildFile; fileRef = 2ED7557067B1E4585905CA63 /* Secrets.swift */; };
		3FDA06B594B3AA951B88B760 /* SoundscapesTabView.swift in Sources */ = {isa = PBXBuildFile; fileRef = D0848C261359778F5D35FE5A /* SoundscapesTabView.swift */; };
		429465FA45EFA30A9DA8985B /* SlipieApp.swift in Sources */ = {isa = PBXBuildFile; fileRef = 17540DED716F81D10995617C /* SlipieApp.swift */; };
		47F7E5879E81D96372E2EF6B /* WatchConnectivityBridge.swift in Sources */ = {isa = PBXBuildFile; fileRef = AF14EC84AB5739E12BCFDC61 /* WatchConnectivityBridge.swift */; };
		5870E39AB8492B9444CFB314 /* ActiveSessionView.swift in Sources */ = {isa = PBXBuildFile; fileRef = B304D0AC4E1B1B8B821CC5D2 /* ActiveSessionView.swift */; };
		611866EE61979738A4B47659 /* AppEnvironment.swift in Sources */ = {isa = PBXBuildFile; fileRef = 6BE766161F26271B79980E6C /* AppEnvironment.swift */; };
		6BE5A47121804B7227AE2386 /* SlipieCoreKit in Frameworks */ = {isa = PBXBuildFile; productRef = 6F1C695EC56C8E4584C70F73 /* SlipieCoreKit */; };
		6F2E2D3B35ABF175CD8711CA /* HeroHeaderView.swift in Sources */ = {isa = PBXBuildFile; fileRef = B83A8C3E515039A3FE4B67FE /* HeroHeaderView.swift */; };
		7AF055DDBD6456843B070018 /* StarFieldView.swift in Sources */ = {isa = PBXBuildFile; fileRef = 272E66CEA4290F499995CDCA /* StarFieldView.swift */; };
		8DC212823CB0AE8CAE57614F /* PillButton.swift in Sources */ = {isa = PBXBuildFile; fileRef = F1B2D25A8E0E65753253AB14 /* PillButton.swift */; };
		930FC4E65DC671D4DC4E1055 /* GoalSelectionView.swift in Sources */ = {isa = PBXBuildFile; fileRef = 7CC085808807AE8BDB88B249 /* GoalSelectionView.swift */; };
		959086DFECC8AD589F985547 /* SlipieWatchApp.swift in Sources */ = {isa = PBXBuildFile; fileRef = CF2776B7B962F49726C0CACA /* SlipieWatchApp.swift */; };
		977FFF49FF447F830C0C2782 /* SlipieColors.swift in Sources */ = {isa = PBXBuildFile; fileRef = F513A1A19F432C485E73730D /* SlipieColors.swift */; };
		9ADE0AADECC887A4C18C0F8F /* HomeTabView.swift in Sources */ = {isa = PBXBuildFile; fileRef = 50FD0574F3A66042304B8604 /* HomeTabView.swift */; };
		9D07C06EAF7BA23481B3F8A2 /* LibraryTabView.swift in Sources */ = {isa = PBXBuildFile; fileRef = 81CC302E4B3845D39B1EDBDD /* LibraryTabView.swift */; };
		A062413B63CDF493E5FDF54B /* WatchRootView.swift in Sources */ = {isa = PBXBuildFile; fileRef = E86243682694120CF6C7E2F8 /* WatchRootView.swift */; };
		AAF0E2978577B3D25318B34B /* RootView.swift in Sources */ = {isa = PBXBuildFile; fileRef = 621576649C4039DDA1DFF2A9 /* RootView.swift */; };
		B0C5A12C8319316E1B76286B /* Assets.xcassets in Resources */ = {isa = PBXBuildFile; fileRef = 75961401F727E5F01C68679D /* Assets.xcassets */; };
		B6643949F0C57BFAF8BEA104 /* SlipieSymbols.swift in Sources */ = {isa = PBXBuildFile; fileRef = 35112A545F3F5E9AFA5BFE01 /* SlipieSymbols.swift */; };
		C5CDDA337283C6E4392B81A2 /* MiniPlayerView.swift in Sources */ = {isa = PBXBuildFile; fileRef = 70D8AF272C2E5AAA9C231669 /* MiniPlayerView.swift */; };
		D66345F2ACF4E8B667607FFD /* GlowingCardView.swift in Sources */ = {isa = PBXBuildFile; fileRef = 61F11FB3D9E50B64147A0DE3 /* GlowingCardView.swift */; };
		DAC7E5D52DBED32E2D6E5C74 /* ProfileTabView.swift in Sources */ = {isa = PBXBuildFile; fileRef = 9818B96B8E1E6F311D5910DF /* ProfileTabView.swift */; };
		DFA3CDB002D80BFB41F73AF2 /* SleepTabView.swift in Sources */ = {isa = PBXBuildFile; fileRef = 1A8D436A19C1C7A39C5CA23F /* SleepTabView.swift */; };
		E65E40EA32C30E0D049476DF /* SplashView.swift in Sources */ = {isa = PBXBuildFile; fileRef = 0AD9A2A45414263BADB78742 /* SplashView.swift */; };
		F35957ABB00A9BCDA10ED7AD /* InsightsTabView.swift in Sources */ = {isa = PBXBuildFile; fileRef = 63475FC6ECD92B18E0EDE0CE /* InsightsTabView.swift */; };
/* End PBXBuildFile section */

/* Begin PBXContainerItemProxy section */
		51D98EF1DBC3AC9855C7814E /* PBXContainerItemProxy */ = {
			isa = PBXContainerItemProxy;
			containerPortal = AC28A26D8FE168622499800D /* Project object */;
			proxyType = 1;
			remoteGlobalIDString = FC84FA1A5A90DD961017505D;
			remoteInfo = Slipie;
		};
/* End PBXContainerItemProxy section */

/* Begin PBXFileReference section */
		01A7F075702EB537C0A7A849 /* SlipieWatch.app */ = {isa = PBXFileReference; explicitFileType = wrapper.application; includeInIndex = 0; path = SlipieWatch.app; sourceTree = BUILT_PRODUCTS_DIR; };
		0503FA849C2DEBC76671C226 /* PhoneConnectivityReceiver.swift */ = {isa = PBXFileReference; lastKnownFileType = sourcecode.swift; path = PhoneConnectivityReceiver.swift; sourceTree = "<group>"; };
		0AD9A2A45414263BADB78742 /* SplashView.swift */ = {isa = PBXFileReference; lastKnownFileType = sourcecode.swift; path = SplashView.swift; sourceTree = "<group>"; };
		17540DED716F81D10995617C /* SlipieApp.swift */ = {isa = PBXFileReference; lastKnownFileType = sourcecode.swift; path = SlipieApp.swift; sourceTree = "<group>"; };
		192DA5AD7B2AB373FCF3C2C6 /* SoundscapeDetailView.swift */ = {isa = PBXFileReference; lastKnownFileType = sourcecode.swift; path = SoundscapeDetailView.swift; sourceTree = "<group>"; };
		1953D168FF0C181D7ADA2F07 /* OnboardingView.swift */ = {isa = PBXFileReference; lastKnownFileType = sourcecode.swift; path = OnboardingView.swift; sourceTree = "<group>"; };
		1A8D436A19C1C7A39C5CA23F /* SleepTabView.swift */ = {isa = PBXFileReference; lastKnownFileType = sourcecode.swift; path = SleepTabView.swift; sourceTree = "<group>"; };
		229A9934FF76CF2275894374 /* ContentView.swift */ = {isa = PBXFileReference; lastKnownFileType = sourcecode.swift; path = ContentView.swift; sourceTree = "<group>"; };
		272E66CEA4290F499995CDCA /* StarFieldView.swift */ = {isa = PBXFileReference; lastKnownFileType = sourcecode.swift; path = StarFieldView.swift; sourceTree = "<group>"; };
		274CDECD49AF112F92691598 /* Slipie.entitlements */ = {isa = PBXFileReference; lastKnownFileType = text.plist.entitlements; path = Slipie.entitlements; sourceTree = "<group>"; };
		2ED7557067B1E4585905CA63 /* Secrets.swift */ = {isa = PBXFileReference; lastKnownFileType = sourcecode.swift; path = Secrets.swift; sourceTree = "<group>"; };
		34A31831BB51107AC6CA852B /* SlipieTests.xctest */ = {isa = PBXFileReference; includeInIndex = 0; lastKnownFileType = wrapper.cfbundle; path = SlipieTests.xctest; sourceTree = BUILT_PRODUCTS_DIR; };
		35112A545F3F5E9AFA5BFE01 /* SlipieSymbols.swift */ = {isa = PBXFileReference; lastKnownFileType = sourcecode.swift; path = SlipieSymbols.swift; sourceTree = "<group>"; };
		50FD0574F3A66042304B8604 /* HomeTabView.swift */ = {isa = PBXFileReference; lastKnownFileType = sourcecode.swift; path = HomeTabView.swift; sourceTree = "<group>"; };
		5C2B5C3E3314DEEDE50C6E4F /* BiometricIndicator.swift */ = {isa = PBXFileReference; lastKnownFileType = sourcecode.swift; path = BiometricIndicator.swift; sourceTree = "<group>"; };
		61F11FB3D9E50B64147A0DE3 /* GlowingCardView.swift */ = {isa = PBXFileReference; lastKnownFileType = sourcecode.swift; path = GlowingCardView.swift; sourceTree = "<group>"; };
		621576649C4039DDA1DFF2A9 /* RootView.swift */ = {isa = PBXFileReference; lastKnownFileType = sourcecode.swift; path = RootView.swift; sourceTree = "<group>"; };
		63475FC6ECD92B18E0EDE0CE /* InsightsTabView.swift */ = {isa = PBXFileReference; lastKnownFileType = sourcecode.swift; path = InsightsTabView.swift; sourceTree = "<group>"; };
		66D91AC7940DC5A3FD2047B9 /* SlipieTypography.swift */ = {isa = PBXFileReference; lastKnownFileType = sourcecode.swift; path = SlipieTypography.swift; sourceTree = "<group>"; };
		6A041F0DD97565FD38C80263 /* Info.plist */ = {isa = PBXFileReference; lastKnownFileType = text.plist; path = Info.plist; sourceTree = "<group>"; };
		6BE766161F26271B79980E6C /* AppEnvironment.swift */ = {isa = PBXFileReference; lastKnownFileType = sourcecode.swift; path = AppEnvironment.swift; sourceTree = "<group>"; };
		70D8AF272C2E5AAA9C231669 /* MiniPlayerView.swift */ = {isa = PBXFileReference; lastKnownFileType = sourcecode.swift; path = MiniPlayerView.swift; sourceTree = "<group>"; };
		75961401F727E5F01C68679D /* Assets.xcassets */ = {isa = PBXFileReference; lastKnownFileType = folder.assetcatalog; path = Assets.xcassets; sourceTree = "<group>"; };
		78EA7263554F8D96A0C884A3 /* WatchContentView.swift */ = {isa = PBXFileReference; lastKnownFileType = sourcecode.swift; path = WatchContentView.swift; sourceTree = "<group>"; };
		7CC085808807AE8BDB88B249 /* GoalSelectionView.swift */ = {isa = PBXFileReference; lastKnownFileType = sourcecode.swift; path = GoalSelectionView.swift; sourceTree = "<group>"; };
		7FEAE7469E46C154BCBE003D /* SlipieCoreKit */ = {isa = PBXFileReference; lastKnownFileType = folder; path = SlipieCoreKit; sourceTree = SOURCE_ROOT; };
		81CC302E4B3845D39B1EDBDD /* LibraryTabView.swift */ = {isa = PBXFileReference; lastKnownFileType = sourcecode.swift; path = LibraryTabView.swift; sourceTree = "<group>"; };
		9818B96B8E1E6F311D5910DF /* ProfileTabView.swift */ = {isa = PBXFileReference; lastKnownFileType = sourcecode.swift; path = ProfileTabView.swift; sourceTree = "<group>"; };
		A906D4E9B8543DDA42EE6CB0 /* WindDownView.swift */ = {isa = PBXFileReference; lastKnownFileType = sourcecode.swift; path = WindDownView.swift; sourceTree = "<group>"; };
		AF14EC84AB5739E12BCFDC61 /* WatchConnectivityBridge.swift */ = {isa = PBXFileReference; lastKnownFileType = sourcecode.swift; path = WatchConnectivityBridge.swift; sourceTree = "<group>"; };
		B304D0AC4E1B1B8B821CC5D2 /* ActiveSessionView.swift */ = {isa = PBXFileReference; lastKnownFileType = sourcecode.swift; path = ActiveSessionView.swift; sourceTree = "<group>"; };
		B83A8C3E515039A3FE4B67FE /* HeroHeaderView.swift */ = {isa = PBXFileReference; lastKnownFileType = sourcecode.swift; path = HeroHeaderView.swift; sourceTree = "<group>"; };
		BAE0AD718E2DDFD487A58CF2 /* Slipie.app */ = {isa = PBXFileReference; explicitFileType = wrapper.application; includeInIndex = 0; path = Slipie.app; sourceTree = BUILT_PRODUCTS_DIR; };
		C53E6F9DF5F2B0B5E308E79B /* WatchSessionManager.swift */ = {isa = PBXFileReference; lastKnownFileType = sourcecode.swift; path = WatchSessionManager.swift; sourceTree = "<group>"; };
		CF2776B7B962F49726C0CACA /* SlipieWatchApp.swift */ = {isa = PBXFileReference; lastKnownFileType = sourcecode.swift; path = SlipieWatchApp.swift; sourceTree = "<group>"; };
		D022157DC928DC34454D6650 /* SlipieWatch.entitlements */ = {isa = PBXFileReference; lastKnownFileType = text.plist.entitlements; path = SlipieWatch.entitlements; sourceTree = "<group>"; };
		D0848C261359778F5D35FE5A /* SoundscapesTabView.swift */ = {isa = PBXFileReference; lastKnownFileType = sourcecode.swift; path = SoundscapesTabView.swift; sourceTree = "<group>"; };
		D9E696F15077593D5A502848 /* SlipieTests.swift */ = {isa = PBXFileReference; lastKnownFileType = sourcecode.swift; path = SlipieTests.swift; sourceTree = "<group>"; };
		E86243682694120CF6C7E2F8 /* WatchRootView.swift */ = {isa = PBXFileReference; lastKnownFileType = sourcecode.swift; path = WatchRootView.swift; sourceTree = "<group>"; };
		EA3DA7FEA18316A25C5DC39E /* Info.plist */ = {isa = PBXFileReference; lastKnownFileType = text.plist; path = Info.plist; sourceTree = "<group>"; };
		F1B2D25A8E0E65753253AB14 /* PillButton.swift */ = {isa = PBXFileReference; lastKnownFileType = sourcecode.swift; path = PillButton.swift; sourceTree = "<group>"; };
		F513A1A19F432C485E73730D /* SlipieColors.swift */ = {isa = PBXFileReference; lastKnownFileType = sourcecode.swift; path = SlipieColors.swift; sourceTree = "<group>"; };
/* End PBXFileReference section */

/* Begin PBXFrameworksBuildPhase section */
		4C92BAB051F736EEF0A97E7C /* Frameworks */ = {
			isa = PBXFrameworksBuildPhase;
			buildActionMask = 2147483647;
			files = (
				299CABA372C84668CF0A3374 /* SlipieCoreKit in Frameworks */,
			);
			runOnlyForDeploymentPostprocessing = 0;
		};
		7C8D81F099CD2F0583E65AF0 /* Frameworks */ = {
			isa = PBXFrameworksBuildPhase;
			buildActionMask = 2147483647;
			files = (
				6BE5A47121804B7227AE2386 /* SlipieCoreKit in Frameworks */,
			);
			runOnlyForDeploymentPostprocessing = 0;
		};
/* End PBXFrameworksBuildPhase section */

/* Begin PBXGroup section */
		0344B391E778F0493159F6BC /* Configuration */ = {
			isa = PBXGroup;
			children = (
				2ED7557067B1E4585905CA63 /* Secrets.swift */,
			);
			path = Configuration;
			sourceTree = "<group>";
		};
		11110096889ADBDC67136660 /* Profile */ = {
			isa = PBXGroup;
			children = (
				9818B96B8E1E6F311D5910DF /* ProfileTabView.swift */,
			);
			path = Profile;
			sourceTree = "<group>";
		};
		1459588E8D02EA1201E8E9B8 /* Packages */ = {
			isa = PBXGroup;
			children = (
				7FEAE7469E46C154BCBE003D /* SlipieCoreKit */,
			);
			name = Packages;
			sourceTree = "<group>";
		};
		2525057381ACF4F712DE7E05 /* Products */ = {
			isa = PBXGroup;
			children = (
				BAE0AD718E2DDFD487A58CF2 /* Slipie.app */,
				34A31831BB51107AC6CA852B /* SlipieTests.xctest */,
				01A7F075702EB537C0A7A849 /* SlipieWatch.app */,
			);
			name = Products;
			sourceTree = "<group>";
		};
		37D6868788CC969FA107F2D1 /* Session */ = {
			isa = PBXGroup;
			children = (
				C53E6F9DF5F2B0B5E308E79B /* WatchSessionManager.swift */,
			);
			path = Session;
			sourceTree = "<group>";
		};
		386848F7979BB56BC9E992AB /* SlipieTests */ = {
			isa = PBXGroup;
			children = (
				D9E696F15077593D5A502848 /* SlipieTests.swift */,
			);
			path = SlipieTests;
			sourceTree = "<group>";
		};
		3E1D90935E35703A9940B8E2 /* Connectivity */ = {
			isa = PBXGroup;
			children = (
				AF14EC84AB5739E12BCFDC61 /* WatchConnectivityBridge.swift */,
			);
			path = Connectivity;
			sourceTree = "<group>";
		};
		43A5562389CFF5A4350E18AF /* Onboarding */ = {
			isa = PBXGroup;
			children = (
				7CC085808807AE8BDB88B249 /* GoalSelectionView.swift */,
				1953D168FF0C181D7ADA2F07 /* OnboardingView.swift */,
			);
			path = Onboarding;
			sourceTree = "<group>";
		};
		48A142482811DA3353E6C974 /* Resources */ = {
			isa = PBXGroup;
			children = (
				75961401F727E5F01C68679D /* Assets.xcassets */,
			);
			path = Resources;
			sourceTree = "<group>";
		};
		563213B24326E400846259BB /* Splash */ = {
			isa = PBXGroup;
			children = (
				0AD9A2A45414263BADB78742 /* SplashView.swift */,
			);
			path = Splash;
			sourceTree = "<group>";
		};
		5F0FC889293B6C113F339931 /* Insights */ = {
			isa = PBXGroup;
			children = (
				63475FC6ECD92B18E0EDE0CE /* InsightsTabView.swift */,
			);
			path = Insights;
			sourceTree = "<group>";
		};
		6D15462AA5D0CCF49BA84B39 /* App */ = {
			isa = PBXGroup;
			children = (
				6BE766161F26271B79980E6C /* AppEnvironment.swift */,
				229A9934FF76CF2275894374 /* ContentView.swift */,
				0503FA849C2DEBC76671C226 /* PhoneConnectivityReceiver.swift */,
				621576649C4039DDA1DFF2A9 /* RootView.swift */,
				17540DED716F81D10995617C /* SlipieApp.swift */,
			);
			path = App;
			sourceTree = "<group>";
		};
		7E1B82AEF0C9044B2049E8AD /* Sleep */ = {
			isa = PBXGroup;
			children = (
				B304D0AC4E1B1B8B821CC5D2 /* ActiveSessionView.swift */,
				1A8D436A19C1C7A39C5CA23F /* SleepTabView.swift */,
				A906D4E9B8543DDA42EE6CB0 /* WindDownView.swift */,
			);
			path = Sleep;
			sourceTree = "<group>";
		};
		8003F145F94490AD4456A36F /* Slipie */ = {
			isa = PBXGroup;
			children = (
				6A041F0DD97565FD38C80263 /* Info.plist */,
				274CDECD49AF112F92691598 /* Slipie.entitlements */,
				6D15462AA5D0CCF49BA84B39 /* App */,
				D75FBEFD97DD0642FBA8C546 /* Components */,
				0344B391E778F0493159F6BC /* Configuration */,
				E6E45AA1A705BBE2C4AE8C9B /* DesignSystem */,
				95FC0B6156FBF1ECE6A8E9EF /* Features */,
				48A142482811DA3353E6C974 /* Resources */,
			);
			path = Slipie;
			sourceTree = "<group>";
		};
		95FC0B6156FBF1ECE6A8E9EF /* Features */ = {
			isa = PBXGroup;
			children = (
				F2C11177522E9700BFFDD103 /* Home */,
				5F0FC889293B6C113F339931 /* Insights */,
				DE006794C7D2D70552A7BBBD /* Library */,
				43A5562389CFF5A4350E18AF /* Onboarding */,
				11110096889ADBDC67136660 /* Profile */,
				7E1B82AEF0C9044B2049E8AD /* Sleep */,
				BAB051964BC1A1ABF4B5DBFF /* Soundscapes */,
				563213B24326E400846259BB /* Splash */,
			);
			path = Features;
			sourceTree = "<group>";
		};
		962CA83ECD097C55B1D2A638 /* SlipieWatch */ = {
			isa = PBXGroup;
			children = (
				EA3DA7FEA18316A25C5DC39E /* Info.plist */,
				D022157DC928DC34454D6650 /* SlipieWatch.entitlements */,
				ECCF32D2FC9AB3FEE3095457 /* App */,
				3E1D90935E35703A9940B8E2 /* Connectivity */,
				37D6868788CC969FA107F2D1 /* Session */,
			);
			path = SlipieWatch;
			sourceTree = "<group>";
		};
		BAB051964BC1A1ABF4B5DBFF /* Soundscapes */ = {
			isa = PBXGroup;
			children = (
				192DA5AD7B2AB373FCF3C2C6 /* SoundscapeDetailView.swift */,
				D0848C261359778F5D35FE5A /* SoundscapesTabView.swift */,
			);
			path = Soundscapes;
			sourceTree = "<group>";
		};
		D75FBEFD97DD0642FBA8C546 /* Components */ = {
			isa = PBXGroup;
			children = (
				5C2B5C3E3314DEEDE50C6E4F /* BiometricIndicator.swift */,
				61F11FB3D9E50B64147A0DE3 /* GlowingCardView.swift */,
				B83A8C3E515039A3FE4B67FE /* HeroHeaderView.swift */,
				70D8AF272C2E5AAA9C231669 /* MiniPlayerView.swift */,
				F1B2D25A8E0E65753253AB14 /* PillButton.swift */,
				272E66CEA4290F499995CDCA /* StarFieldView.swift */,
			);
			path = Components;
			sourceTree = "<group>";
		};
		DE006794C7D2D70552A7BBBD /* Library */ = {
			isa = PBXGroup;
			children = (
				81CC302E4B3845D39B1EDBDD /* LibraryTabView.swift */,
			);
			path = Library;
			sourceTree = "<group>";
		};
		E6E45AA1A705BBE2C4AE8C9B /* DesignSystem */ = {
			isa = PBXGroup;
			children = (
				F513A1A19F432C485E73730D /* SlipieColors.swift */,
				35112A545F3F5E9AFA5BFE01 /* SlipieSymbols.swift */,
				66D91AC7940DC5A3FD2047B9 /* SlipieTypography.swift */,
			);
			path = DesignSystem;
			sourceTree = "<group>";
		};
		ECCF32D2FC9AB3FEE3095457 /* App */ = {
			isa = PBXGroup;
			children = (
				CF2776B7B962F49726C0CACA /* SlipieWatchApp.swift */,
				78EA7263554F8D96A0C884A3 /* WatchContentView.swift */,
				E86243682694120CF6C7E2F8 /* WatchRootView.swift */,
			);
			path = App;
			sourceTree = "<group>";
		};
		F2C11177522E9700BFFDD103 /* Home */ = {
			isa = PBXGroup;
			children = (
				50FD0574F3A66042304B8604 /* HomeTabView.swift */,
			);
			path = Home;
			sourceTree = "<group>";
		};
		F6444A83003ADF3FEF03D59D = {
			isa = PBXGroup;
			children = (
				1459588E8D02EA1201E8E9B8 /* Packages */,
				8003F145F94490AD4456A36F /* Slipie */,
				386848F7979BB56BC9E992AB /* SlipieTests */,
				962CA83ECD097C55B1D2A638 /* SlipieWatch */,
				2525057381ACF4F712DE7E05 /* Products */,
			);
			sourceTree = "<group>";
		};
/* End PBXGroup section */

/* Begin PBXNativeTarget section */
		05A582CBE528A03CB81D73FB /* SlipieTests */ = {
			isa = PBXNativeTarget;
			buildConfigurationList = 788765C8B73413258FA55C87 /* Build configuration list for PBXNativeTarget "SlipieTests" */;
			buildPhases = (
				68F50FDD8C472D5F49A0F23E /* Sources */,
			);
			buildRules = (
			);
			dependencies = (
				B4F04D3B7836EE7341BF5958 /* PBXTargetDependency */,
			);
			name = SlipieTests;
			packageProductDependencies = (
			);
			productName = SlipieTests;
			productReference = 34A31831BB51107AC6CA852B /* SlipieTests.xctest */;
			productType = "com.apple.product-type.bundle.unit-test";
		};
		6D4D9E85AF8E2ED69D6EE949 /* SlipieWatch */ = {
			isa = PBXNativeTarget;
			buildConfigurationList = 80A792CAD4AB29E34248B994 /* Build configuration list for PBXNativeTarget "SlipieWatch" */;
			buildPhases = (
				8AB32F4084251CD429D8322C /* Sources */,
				4C92BAB051F736EEF0A97E7C /* Frameworks */,
			);
			buildRules = (
			);
			dependencies = (
			);
			name = SlipieWatch;
			packageProductDependencies = (
				6C6010DEDC4547040532BDC3 /* SlipieCoreKit */,
			);
			productName = SlipieWatch;
			productReference = 01A7F075702EB537C0A7A849 /* SlipieWatch.app */;
			productType = "com.apple.product-type.application";
		};
		FC84FA1A5A90DD961017505D /* Slipie */ = {
			isa = PBXNativeTarget;
			buildConfigurationList = F5A23BC5589235BAF661B860 /* Build configuration list for PBXNativeTarget "Slipie" */;
			buildPhases = (
				F9929F8B30E48DC1E00B7750 /* Sources */,
				1200057434B92FA7D356CBF2 /* Resources */,
				7C8D81F099CD2F0583E65AF0 /* Frameworks */,
			);
			buildRules = (
			);
			dependencies = (
			);
			name = Slipie;
			packageProductDependencies = (
				6F1C695EC56C8E4584C70F73 /* SlipieCoreKit */,
			);
			productName = Slipie;
			productReference = BAE0AD718E2DDFD487A58CF2 /* Slipie.app */;
			productType = "com.apple.product-type.application";
		};
/* End PBXNativeTarget section */

/* Begin PBXProject section */
		AC28A26D8FE168622499800D /* Project object */ = {
			isa = PBXProject;
			attributes = {
				BuildIndependentTargetsInParallel = YES;
				LastUpgradeCheck = 1600;
			};
			buildConfigurationList = ED282DA3E03E2BB6D1197507 /* Build configuration list for PBXProject "Slipie" */;
			developmentRegion = en;
			hasScannedForEncodings = 0;
			knownRegions = (
				Base,
				en,
			);
			mainGroup = F6444A83003ADF3FEF03D59D;
			minimizedProjectReferenceProxies = 1;
			packageReferences = (
				84E1F4AE97F0FC1DFFB10685 /* XCRemoteSwiftPackageReference "supabase-swift" */,
				56F063D1CA44E278F9B725A2 /* XCLocalSwiftPackageReference "SlipieCoreKit" */,
			);
			preferredProjectObjectVersion = 77;
			productRefGroup = 2525057381ACF4F712DE7E05 /* Products */;
			projectDirPath = "";
			projectRoot = "";
			targets = (
				FC84FA1A5A90DD961017505D /* Slipie */,
				05A582CBE528A03CB81D73FB /* SlipieTests */,
				6D4D9E85AF8E2ED69D6EE949 /* SlipieWatch */,
			);
		};
/* End PBXProject section */

/* Begin PBXResourcesBuildPhase section */
		1200057434B92FA7D356CBF2 /* Resources */ = {
			isa = PBXResourcesBuildPhase;
			buildActionMask = 2147483647;
			files = (
				B0C5A12C8319316E1B76286B /* Assets.xcassets in Resources */,
			);
			runOnlyForDeploymentPostprocessing = 0;
		};
/* End PBXResourcesBuildPhase section */

/* Begin PBXSourcesBuildPhase section */
		68F50FDD8C472D5F49A0F23E /* Sources */ = {
			isa = PBXSourcesBuildPhase;
			buildActionMask = 2147483647;
			files = (
				35BAA5413DD66B65DE52B42C /* SlipieTests.swift in Sources */,
			);
			runOnlyForDeploymentPostprocessing = 0;
		};
		8AB32F4084251CD429D8322C /* Sources */ = {
			isa = PBXSourcesBuildPhase;
			buildActionMask = 2147483647;
			files = (
				959086DFECC8AD589F985547 /* SlipieWatchApp.swift in Sources */,
				47F7E5879E81D96372E2EF6B /* WatchConnectivityBridge.swift in Sources */,
				039B0A938F27501538BAF36E /* WatchContentView.swift in Sources */,
				A062413B63CDF493E5FDF54B /* WatchRootView.swift in Sources */,
				3AAAAA2487F68DA1D2F9D662 /* WatchSessionManager.swift in Sources */,
			);
			runOnlyForDeploymentPostprocessing = 0;
		};
		F9929F8B30E48DC1E00B7750 /* Sources */ = {
			isa = PBXSourcesBuildPhase;
			buildActionMask = 2147483647;
			files = (
				5870E39AB8492B9444CFB314 /* ActiveSessionView.swift in Sources */,
				611866EE61979738A4B47659 /* AppEnvironment.swift in Sources */,
				2C9B5D21F9655CCFABE421F4 /* BiometricIndicator.swift in Sources */,
				150F335FFB936B1195FE5778 /* ContentView.swift in Sources */,
				D66345F2ACF4E8B667607FFD /* GlowingCardView.swift in Sources */,
				930FC4E65DC671D4DC4E1055 /* GoalSelectionView.swift in Sources */,
				6F2E2D3B35ABF175CD8711CA /* HeroHeaderView.swift in Sources */,
				9ADE0AADECC887A4C18C0F8F /* HomeTabView.swift in Sources */,
				F35957ABB00A9BCDA10ED7AD /* InsightsTabView.swift in Sources */,
				9D07C06EAF7BA23481B3F8A2 /* LibraryTabView.swift in Sources */,
				C5CDDA337283C6E4392B81A2 /* MiniPlayerView.swift in Sources */,
				25807F894AF9A606678B562E /* OnboardingView.swift in Sources */,
				12B6E9B8E23F9FBA86889A49 /* PhoneConnectivityReceiver.swift in Sources */,
				8DC212823CB0AE8CAE57614F /* PillButton.swift in Sources */,
				DAC7E5D52DBED32E2D6E5C74 /* ProfileTabView.swift in Sources */,
				AAF0E2978577B3D25318B34B /* RootView.swift in Sources */,
				3B07B899236C4CCBE27DF5CB /* Secrets.swift in Sources */,
				DFA3CDB002D80BFB41F73AF2 /* SleepTabView.swift in Sources */,
				429465FA45EFA30A9DA8985B /* SlipieApp.swift in Sources */,
				977FFF49FF447F830C0C2782 /* SlipieColors.swift in Sources */,
				B6643949F0C57BFAF8BEA104 /* SlipieSymbols.swift in Sources */,
				24BC8C5042D19FEBD67FFE23 /* SlipieTypography.swift in Sources */,
				14C68CF36461A8551193EC5B /* SoundscapeDetailView.swift in Sources */,
				3FDA06B594B3AA951B88B760 /* SoundscapesTabView.swift in Sources */,
				E65E40EA32C30E0D049476DF /* SplashView.swift in Sources */,
				7AF055DDBD6456843B070018 /* StarFieldView.swift in Sources */,
				2631E2C8BBE069C23AE307BB /* WindDownView.swift in Sources */,
			);
			runOnlyForDeploymentPostprocessing = 0;
		};
/* End PBXSourcesBuildPhase section */

/* Begin PBXTargetDependency section */
		B4F04D3B7836EE7341BF5958 /* PBXTargetDependency */ = {
			isa = PBXTargetDependency;
			target = FC84FA1A5A90DD961017505D /* Slipie */;
			targetProxy = 51D98EF1DBC3AC9855C7814E /* PBXContainerItemProxy */;
		};
/* End PBXTargetDependency section */

/* Begin XCBuildConfiguration section */
		4D75F07D62183799AC747D18 /* Release */ = {
			isa = XCBuildConfiguration;
			buildSettings = {
				ASSETCATALOG_COMPILER_APPICON_NAME = AppIcon;
				CODE_SIGN_ENTITLEMENTS = Slipie/Slipie.entitlements;
				CODE_SIGN_IDENTITY = "iPhone Developer";
				DEVELOPMENT_TEAM = Z42YU5W6WY;
				INFOPLIST_FILE = Slipie/Info.plist;
				IPHONEOS_DEPLOYMENT_TARGET = 17.0;
				LD_RUNPATH_SEARCH_PATHS = (
					"$(inherited)",
					"@executable_path/Frameworks",
				);
				PRODUCT_BUNDLE_IDENTIFIER = com.slipie.Slipie;
				SDKROOT = iphoneos;
				SUPPORTS_MAC_DESIGNED_FOR_IPHONE_IPAD = NO;
				SWIFT_VERSION = 6.0;
				TARGETED_DEVICE_FAMILY = "1,2";
			};
			name = Release;
		};
		4E970F203E0B426D3AEC0ADB /* Release */ = {
			isa = XCBuildConfiguration;
			buildSettings = {
				ALWAYS_SEARCH_USER_PATHS = NO;
				CLANG_ANALYZER_NONNULL = YES;
				CLANG_ANALYZER_NUMBER_OBJECT_CONVERSION = YES_AGGRESSIVE;
				CLANG_CXX_LANGUAGE_STANDARD = "gnu++14";
				CLANG_CXX_LIBRARY = "libc++";
				CLANG_ENABLE_MODULES = YES;
				CLANG_ENABLE_OBJC_ARC = YES;
				CLANG_ENABLE_OBJC_WEAK = YES;
				CLANG_WARN_BLOCK_CAPTURE_AUTORELEASING = YES;
				CLANG_WARN_BOOL_CONVERSION = YES;
				CLANG_WARN_COMMA = YES;
				CLANG_WARN_CONSTANT_CONVERSION = YES;
				CLANG_WARN_DEPRECATED_OBJC_IMPLEMENTATIONS = YES;
				CLANG_WARN_DIRECT_OBJC_ISA_USAGE = YES_ERROR;
				CLANG_WARN_DOCUMENTATION_COMMENTS = YES;
				CLANG_WARN_EMPTY_BODY = YES;
				CLANG_WARN_ENUM_CONVERSION = YES;
				CLANG_WARN_INFINITE_RECURSION = YES;
				CLANG_WARN_INT_CONVERSION = YES;
				CLANG_WARN_NON_LITERAL_NULL_CONVERSION = YES;
				CLANG_WARN_OBJC_IMPLICIT_RETAIN_SELF = YES;
				CLANG_WARN_OBJC_LITERAL_CONVERSION = YES;
				CLANG_WARN_OBJC_ROOT_CLASS = YES_ERROR;
				CLANG_WARN_QUOTED_INCLUDE_IN_FRAMEWORK_HEADER = YES;
				CLANG_WARN_RANGE_LOOP_ANALYSIS = YES;
				CLANG_WARN_STRICT_PROTOTYPES = YES;
				CLANG_WARN_SUSPICIOUS_MOVE = YES;
				CLANG_WARN_UNGUARDED_AVAILABILITY = YES_AGGRESSIVE;
				CLANG_WARN_UNREACHABLE_CODE = YES;
				CLANG_WARN__DUPLICATE_METHOD_MATCH = YES;
				COPY_PHASE_STRIP = NO;
				DEBUG_INFORMATION_FORMAT = "dwarf-with-dsym";
				ENABLE_NS_ASSERTIONS = NO;
				ENABLE_STRICT_OBJC_MSGSEND = YES;
				GCC_C_LANGUAGE_STANDARD = gnu11;
				GCC_NO_COMMON_BLOCKS = YES;
				GCC_WARN_64_TO_32_BIT_CONVERSION = YES;
				GCC_WARN_ABOUT_RETURN_TYPE = YES_ERROR;
				GCC_WARN_UNDECLARED_SELECTOR = YES;
				GCC_WARN_UNINITIALIZED_AUTOS = YES_AGGRESSIVE;
				GCC_WARN_UNUSED_FUNCTION = YES;
				GCC_WARN_UNUSED_VARIABLE = YES;
				IPHONEOS_DEPLOYMENT_TARGET = 17.0;
				MTL_ENABLE_DEBUG_INFO = NO;
				MTL_FAST_MATH = YES;
				PRODUCT_NAME = "$(TARGET_NAME)";
				SWIFT_COMPILATION_MODE = wholemodule;
				SWIFT_OPTIMIZATION_LEVEL = "-O";
				SWIFT_VERSION = 5.0;
				WATCHOS_DEPLOYMENT_TARGET = 10.0;
			};
			name = Release;
		};
		6EA40F1EDB7A4105114EF648 /* Release */ = {
			isa = XCBuildConfiguration;
			buildSettings = {
				BUNDLE_LOADER = "$(TEST_HOST)";
				LD_RUNPATH_SEARCH_PATHS = (
					"$(inherited)",
					"@executable_path/Frameworks",
					"@loader_path/Frameworks",
				);
				PRODUCT_BUNDLE_IDENTIFIER = com.slipie.SlipieTests;
				SDKROOT = iphoneos;
				SWIFT_VERSION = 6.0;
				TARGETED_DEVICE_FAMILY = "1,2";
				TEST_HOST = "$(BUILT_PRODUCTS_DIR)/Slipie.app/Slipie";
			};
			name = Release;
		};
		91FF5B79997E4112574F71FE /* Debug */ = {
			isa = XCBuildConfiguration;
			buildSettings = {
				ASSETCATALOG_COMPILER_APPICON_NAME = AppIcon;
				CODE_SIGN_ENTITLEMENTS = SlipieWatch/SlipieWatch.entitlements;
				INFOPLIST_FILE = SlipieWatch/Info.plist;
				PRODUCT_BUNDLE_IDENTIFIER = com.slipie.SlipieWatch;
				SDKROOT = watchos;
				SKIP_INSTALL = YES;
				SWIFT_VERSION = 6.0;
				TARGETED_DEVICE_FAMILY = 4;
				WATCHOS_DEPLOYMENT_TARGET = 10.0;
			};
			name = Debug;
		};
		C8DE1849E8224DAE8281DA41 /* Release */ = {
			isa = XCBuildConfiguration;
			buildSettings = {
				ASSETCATALOG_COMPILER_APPICON_NAME = AppIcon;
				CODE_SIGN_ENTITLEMENTS = SlipieWatch/SlipieWatch.entitlements;
				INFOPLIST_FILE = SlipieWatch/Info.plist;
				PRODUCT_BUNDLE_IDENTIFIER = com.slipie.SlipieWatch;
				SDKROOT = watchos;
				SKIP_INSTALL = YES;
				SWIFT_VERSION = 6.0;
				TARGETED_DEVICE_FAMILY = 4;
				WATCHOS_DEPLOYMENT_TARGET = 10.0;
			};
			name = Release;
		};
		D2804368661E615DC48AE959 /* Debug */ = {
			isa = XCBuildConfiguration;
			buildSettings = {
				ALWAYS_SEARCH_USER_PATHS = NO;
				CLANG_ANALYZER_NONNULL = YES;
				CLANG_ANALYZER_NUMBER_OBJECT_CONVERSION = YES_AGGRESSIVE;
				CLANG_CXX_LANGUAGE_STANDARD = "gnu++14";
				CLANG_CXX_LIBRARY = "libc++";
				CLANG_ENABLE_MODULES = YES;
				CLANG_ENABLE_OBJC_ARC = YES;
				CLANG_ENABLE_OBJC_WEAK = YES;
				CLANG_WARN_BLOCK_CAPTURE_AUTORELEASING = YES;
				CLANG_WARN_BOOL_CONVERSION = YES;
				CLANG_WARN_COMMA = YES;
				CLANG_WARN_CONSTANT_CONVERSION = YES;
				CLANG_WARN_DEPRECATED_OBJC_IMPLEMENTATIONS = YES;
				CLANG_WARN_DIRECT_OBJC_ISA_USAGE = YES_ERROR;
				CLANG_WARN_DOCUMENTATION_COMMENTS = YES;
				CLANG_WARN_EMPTY_BODY = YES;
				CLANG_WARN_ENUM_CONVERSION = YES;
				CLANG_WARN_INFINITE_RECURSION = YES;
				CLANG_WARN_INT_CONVERSION = YES;
				CLANG_WARN_NON_LITERAL_NULL_CONVERSION = YES;
				CLANG_WARN_OBJC_IMPLICIT_RETAIN_SELF = YES;
				CLANG_WARN_OBJC_LITERAL_CONVERSION = YES;
				CLANG_WARN_OBJC_ROOT_CLASS = YES_ERROR;
				CLANG_WARN_QUOTED_INCLUDE_IN_FRAMEWORK_HEADER = YES;
				CLANG_WARN_RANGE_LOOP_ANALYSIS = YES;
				CLANG_WARN_STRICT_PROTOTYPES = YES;
				CLANG_WARN_SUSPICIOUS_MOVE = YES;
				CLANG_WARN_UNGUARDED_AVAILABILITY = YES_AGGRESSIVE;
				CLANG_WARN_UNREACHABLE_CODE = YES;
				CLANG_WARN__DUPLICATE_METHOD_MATCH = YES;
				COPY_PHASE_STRIP = NO;
				DEBUG_INFORMATION_FORMAT = dwarf;
				ENABLE_STRICT_OBJC_MSGSEND = YES;
				ENABLE_TESTABILITY = YES;
				GCC_C_LANGUAGE_STANDARD = gnu11;
				GCC_DYNAMIC_NO_PIC = NO;
				GCC_NO_COMMON_BLOCKS = YES;
				GCC_OPTIMIZATION_LEVEL = 0;
				GCC_PREPROCESSOR_DEFINITIONS = (
					"$(inherited)",
					"DEBUG=1",
				);
				GCC_WARN_64_TO_32_BIT_CONVERSION = YES;
				GCC_WARN_ABOUT_RETURN_TYPE = YES_ERROR;
				GCC_WARN_UNDECLARED_SELECTOR = YES;
				GCC_WARN_UNINITIALIZED_AUTOS = YES_AGGRESSIVE;
				GCC_WARN_UNUSED_FUNCTION = YES;
				GCC_WARN_UNUSED_VARIABLE = YES;
				IPHONEOS_DEPLOYMENT_TARGET = 17.0;
				MTL_ENABLE_DEBUG_INFO = INCLUDE_SOURCE;
				MTL_FAST_MATH = YES;
				ONLY_ACTIVE_ARCH = YES;
				PRODUCT_NAME = "$(TARGET_NAME)";
				SWIFT_ACTIVE_COMPILATION_CONDITIONS = DEBUG;
				SWIFT_OPTIMIZATION_LEVEL = "-Onone";
				SWIFT_VERSION = 5.0;
				WATCHOS_DEPLOYMENT_TARGET = 10.0;
			};
			name = Debug;
		};
		F4C316DFDD5C7438493821AE /* Debug */ = {
			isa = XCBuildConfiguration;
			buildSettings = {
				ASSETCATALOG_COMPILER_APPICON_NAME = AppIcon;
				CODE_SIGN_ENTITLEMENTS = Slipie/Slipie.entitlements;
				CODE_SIGN_IDENTITY = "iPhone Developer";
				DEVELOPMENT_TEAM = Z42YU5W6WY;
				INFOPLIST_FILE = Slipie/Info.plist;
				IPHONEOS_DEPLOYMENT_TARGET = 17.0;
				LD_RUNPATH_SEARCH_PATHS = (
					"$(inherited)",
					"@executable_path/Frameworks",
				);
				PRODUCT_BUNDLE_IDENTIFIER = com.slipie.Slipie;
				SDKROOT = iphoneos;
				SUPPORTS_MAC_DESIGNED_FOR_IPHONE_IPAD = NO;
				SWIFT_VERSION = 6.0;
				TARGETED_DEVICE_FAMILY = "1,2";
			};
			name = Debug;
		};
		FABEDD36FB7CD23697F28B2C /* Debug */ = {
			isa = XCBuildConfiguration;
			buildSettings = {
				BUNDLE_LOADER = "$(TEST_HOST)";
				LD_RUNPATH_SEARCH_PATHS = (
					"$(inherited)",
					"@executable_path/Frameworks",
					"@loader_path/Frameworks",
				);
				PRODUCT_BUNDLE_IDENTIFIER = com.slipie.SlipieTests;
				SDKROOT = iphoneos;
				SWIFT_VERSION = 6.0;
				TARGETED_DEVICE_FAMILY = "1,2";
				TEST_HOST = "$(BUILT_PRODUCTS_DIR)/Slipie.app/Slipie";
			};
			name = Debug;
		};
/* End XCBuildConfiguration section */

/* Begin XCConfigurationList section */
		788765C8B73413258FA55C87 /* Build configuration list for PBXNativeTarget "SlipieTests" */ = {
			isa = XCConfigurationList;
			buildConfigurations = (
				FABEDD36FB7CD23697F28B2C /* Debug */,
				6EA40F1EDB7A4105114EF648 /* Release */,
			);
			defaultConfigurationIsVisible = 0;
			defaultConfigurationName = Debug;
		};
		80A792CAD4AB29E34248B994 /* Build configuration list for PBXNativeTarget "SlipieWatch" */ = {
			isa = XCConfigurationList;
			buildConfigurations = (
				91FF5B79997E4112574F71FE /* Debug */,
				C8DE1849E8224DAE8281DA41 /* Release */,
			);
			defaultConfigurationIsVisible = 0;
			defaultConfigurationName = Debug;
		};
		ED282DA3E03E2BB6D1197507 /* Build configuration list for PBXProject "Slipie" */ = {
			isa = XCConfigurationList;
			buildConfigurations = (
				D2804368661E615DC48AE959 /* Debug */,
				4E970F203E0B426D3AEC0ADB /* Release */,
			);
			defaultConfigurationIsVisible = 0;
			defaultConfigurationName = Debug;
		};
		F5A23BC5589235BAF661B860 /* Build configuration list for PBXNativeTarget "Slipie" */ = {
			isa = XCConfigurationList;
			buildConfigurations = (
				F4C316DFDD5C7438493821AE /* Debug */,
				4D75F07D62183799AC747D18 /* Release */,
			);
			defaultConfigurationIsVisible = 0;
			defaultConfigurationName = Debug;
		};
/* End XCConfigurationList section */

/* Begin XCLocalSwiftPackageReference section */
		56F063D1CA44E278F9B725A2 /* XCLocalSwiftPackageReference "SlipieCoreKit" */ = {
			isa = XCLocalSwiftPackageReference;
			relativePath = SlipieCoreKit;
		};
/* End XCLocalSwiftPackageReference section */

/* Begin XCRemoteSwiftPackageReference section */
		84E1F4AE97F0FC1DFFB10685 /* XCRemoteSwiftPackageReference "supabase-swift" */ = {
			isa = XCRemoteSwiftPackageReference;
			repositoryURL = "https://github.com/supabase/supabase-swift.git";
			requirement = {
				kind = upToNextMajorVersion;
				minimumVersion = 2.0.0;
			};
		};
/* End XCRemoteSwiftPackageReference section */

/* Begin XCSwiftPackageProductDependency section */
		6C6010DEDC4547040532BDC3 /* SlipieCoreKit */ = {
			isa = XCSwiftPackageProductDependency;
			productName = SlipieCoreKit;
		};
		6F1C695EC56C8E4584C70F73 /* SlipieCoreKit */ = {
			isa = XCSwiftPackageProductDependency;
			productName = SlipieCoreKit;
		};
/* End XCSwiftPackageProductDependency section */
	};
	rootObject = AC28A26D8FE168622499800D /* Project object */;
}
